{
  "dependencies": {
    "archiver": {
      "version": "0.4.3",
      "dependencies": {
        "readable-stream": {
          "version": "1.0.2"
        }
      }
    },
    "istanbul": {
      "version": "0.1.34",
      "dependencies": {
        "esprima": {
          "version": "1.0.2"
        },
        "escodegen": {
          "version": "0.0.22",
          "dependencies": {
            "estraverse": {
              "version": "0.0.4"
            },
            "source-map": {
              "version": "0.1.22",
              "dependencies": {
                "amdefine": {
                  "version": "0.0.4"
                }
              }
            }
          }
        },
        "handlebars": {
          "version": "1.0.10",
          "dependencies": {
            "optimist": {
              "version": "0.3.7"
            },
            "uglify-js": {
              "version": "1.2.6"
            }
          }
        },
        "mkdirp": {
          "version": "0.3.5"
        },
        "nopt": {
          "version": "2.1.1"
        },
        "fileset": {
          "version": "0.1.5",
          "dependencies": {
            "minimatch": {
              "version": "0.2.12",
              "dependencies": {
                "lru-cache": {
                  "version": "2.3.0"
                },
                "sigmund": {
                  "version": "1.0.0"
                }
              }
            },
            "glob": {
              "version": "3.2.1",
              "dependencies": {
                "graceful-fs": {
                  "version": "1.2.1"
                },
                "inherits": {
                  "version": "1.0.0"
                }
              }
            }
          }
        },
        "which": {
          "version": "1.0.5"
        },
        "async": {
          "version": "0.2.8"
        },
        "abbrev": {
          "version": "1.0.4"
        },
        "wordwrap": {
          "version": "0.0.2"
        },
        "resolve": {
          "version": "0.3.1"
        }
      }
    },
    "path": {
      "version": "0.4.9"
    },
    "url": {
      "version": "0.7.9",
      "dependencies": {
        "querystring": {
          "version": "0.1.0"
        },
        "punycode": {
          "version": "1.0.0"
        }
      }
    }
  }
}
